
Microsoft Visual Studio Solution File, Format Version 12.00
# Visual Studio 14
VisualStudioVersion = 14.0.25420.1
MinimumVisualStudioVersion = 10.0.40219.1
Project("{FAE04EC0-301F-11D3-BF4B-00C04F79EFBC}") = "ConsoleApplication2", "ConsoleApplication2\ConsoleApplication2.csproj", "{241416BD-BC09-4732-88B1-50E3E9FCFD98}"
EndProject
Project("{FAE04EC0-301F-11D3-BF4B-00C04F79EFBC}") = "ClassLibrary1", "ClassLibrary1\ClassLibrary1.csproj", "{2C684B21-CC33-4DC0-BCBC-80788F65843D}"
EndProject
Project("{FAE04EC0-301F-11D3-BF4B-00C04F79EFBC}") = "WindowsFormsApplication1", "WindowsFormsApplication1\WindowsFormsApplication1.csproj", "{1E6637C9-1571-4E8D-80E5-C16E8424E413}"
EndProject
Global
	GlobalSection(SolutionConfigurationPlatforms) = preSolution
		Debug|Any CPU = Debug|Any CPU
		Release|Any CPU = Release|Any CPU
	EndGlobalSection
	GlobalSection(ProjectConfigurationPlatforms) = postSolution
		{241416BD-BC09-4732-88B1-50E3E9FCFD98}.Debug|Any CPU.ActiveCfg = Debug|Any CPU
		{241416BD-BC09-4732-88B1-50E3E9FCFD98}.Debug|Any CPU.Build.0 = Debug|Any CPU
		{241416BD-BC09-4732-88B1-50E3E9FCFD98}.Release|Any CPU.ActiveCfg = Release|Any CPU
		{241416BD-BC09-4732-88B1-50E3E9FCFD98}.Release|Any CPU.Build.0 = Release|Any CPU
		{2C684B21-CC33-4DC0-BCBC-80788F65843D}.Debug|Any CPU.ActiveCfg = Debug|Any CPU
		{2C684B21-CC33-4DC0-BCBC-80788F65843D}.Debug|Any CPU.Build.0 = Debug|Any CPU
		{2C684B21-CC33-4DC0-BCBC-80788F65843D}.Release|Any CPU.ActiveCfg = Release|Any CPU
		{2C684B21-CC33-4DC0-BCBC-80788F65843D}.Release|Any CPU.Build.0 = Release|Any CPU
		{1E6637C9-1571-4E8D-80E5-C16E8424E413}.Debug|Any CPU.ActiveCfg = Debug|Any CPU
		{1E6637C9-1571-4E8D-80E5-C16E8424E413}.Debug|Any CPU.Build.0 = Debug|Any CPU
		{1E6637C9-1571-4E8D-80E5-C16E8424E413}.Release|Any CPU.ActiveCfg = Release|Any CPU
		{1E6637C9-1571-4E8D-80E5-C16E8424E413}.Release|Any CPU.Build.0 = Release|Any CPU
	EndGlobalSection
	GlobalSection(SolutionProperties) = preSolution
		HideSolutionNode = FALSE
	EndGlobalSection
EndGlobal
